// !$*UTF8*$!
{
	archiveVersion = 1;
	classes = {
	};
	objectVersion = 55;
	objects = {

/* Begin PBXBuildFile section */
		1CB922218224A6F5C383486D /* Pods_GadgetMarketTestApp.framework in Frameworks */ = {isa = PBXBuildFile; fileRef = 9C3623CF4828DE0A153899B2 /* Pods_GadgetMarketTestApp.framework */; };
		3C0A532128BF7A20007252CF /* Constants.swift in Sources */ = {isa = PBXBuildFile; fileRef = 3C0A532028BF7A20007252CF /* Constants.swift */; };
		3C0A532328BF7B16007252CF /* MyCartController.swift in Sources */ = {isa = PBXBuildFile; fileRef = 3C0A532228BF7B16007252CF /* MyCartController.swift */; };
		3C0A532728BF84F7007252CF /* MyCartView.swift in Sources */ = {isa = PBXBuildFile; fileRef = 3C0A532628BF84F7007252CF /* MyCartView.swift */; };
		3C0A532928BFC4EB007252CF /* TotalView.swift in Sources */ = {isa = PBXBuildFile; fileRef = 3C0A532828BFC4EB007252CF /* TotalView.swift */; };
		3C0A532B28BFE134007252CF /* MyCartCell.swift in Sources */ = {isa = PBXBuildFile; fileRef = 3C0A532A28BFE134007252CF /* MyCartCell.swift */; };
		3C817E1C28B6C43900EF7094 /* UICollectionView + extension.swift in Sources */ = {isa = PBXBuildFile; fileRef = 3C817E1B28B6C43900EF7094 /* UICollectionView + extension.swift */; };
		3C817E1E28B6D4CC00EF7094 /* URLs.swift in Sources */ = {isa = PBXBuildFile; fileRef = 3C817E1D28B6D4CC00EF7094 /* URLs.swift */; };
		3C817E2128B6D8C500EF7094 /* StoreModel.swift in Sources */ = {isa = PBXBuildFile; fileRef = 3C817E2028B6D8C500EF7094 /* StoreModel.swift */; };
		3C817E2528B763C100EF7094 /* NetworkManager.swift in Sources */ = {isa = PBXBuildFile; fileRef = 3C817E2428B763C100EF7094 /* NetworkManager.swift */; };
		3C817E2728B76ADF00EF7094 /* ImageManager.swift in Sources */ = {isa = PBXBuildFile; fileRef = 3C817E2628B76ADF00EF7094 /* ImageManager.swift */; };
		3C817E2928B7A36B00EF7094 /* String + extension.swift in Sources */ = {isa = PBXBuildFile; fileRef = 3C817E2828B7A36B00EF7094 /* String + extension.swift */; };
		3C817E2B28B7D40000EF7094 /* SelectCategoryIcons.swift in Sources */ = {isa = PBXBuildFile; fileRef = 3C817E2A28B7D40000EF7094 /* SelectCategoryIcons.swift */; };
		3CAAC6FC28BBC94000440889 /* SetColorView.swift in Sources */ = {isa = PBXBuildFile; fileRef = 3CAAC6FB28BBC94000440889 /* SetColorView.swift */; };
		3CAAC70028BBFDE200440889 /* HBSegmentedControl.swift in Sources */ = {isa = PBXBuildFile; fileRef = 3CAAC6FF28BBFDE200440889 /* HBSegmentedControl.swift */; };
		3CAAC70328BC14B800440889 /* InformationView.swift in Sources */ = {isa = PBXBuildFile; fileRef = 3CAAC70228BC14B800440889 /* InformationView.swift */; };
		3CAAC70528BCDB3200440889 /* InfoIcon.swift in Sources */ = {isa = PBXBuildFile; fileRef = 3CAAC70428BCDB3200440889 /* InfoIcon.swift */; };
		3CAAC70728BE4E0200440889 /* ProductDetailsCell.swift in Sources */ = {isa = PBXBuildFile; fileRef = 3CAAC70628BE4E0200440889 /* ProductDetailsCell.swift */; };
		3CAAC70B28BE811400440889 /* CarouselView.swift in Sources */ = {isa = PBXBuildFile; fileRef = 3CAAC70A28BE811400440889 /* CarouselView.swift */; };
		3CAD99FF28B8C714005EB383 /* FilterOptionsViewController.swift in Sources */ = {isa = PBXBuildFile; fileRef = 3CAD99FE28B8C714005EB383 /* FilterOptionsViewController.swift */; };
		3CAD9A0528B8FF55005EB383 /* UIView + extension.swift in Sources */ = {isa = PBXBuildFile; fileRef = 3CAD9A0428B8FF55005EB383 /* UIView + extension.swift */; };
		3CAD9A0728B9289B005EB383 /* PresentstionController.swift in Sources */ = {isa = PBXBuildFile; fileRef = 3CAD9A0628B9289B005EB383 /* PresentstionController.swift */; };
		3CAD9A0928B93E2F005EB383 /* FilterOptionsCell.swift in Sources */ = {isa = PBXBuildFile; fileRef = 3CAD9A0828B93E2F005EB383 /* FilterOptionsCell.swift */; };
		3CAD9A0F28B97687005EB383 /* UITextField + extension.swift in Sources */ = {isa = PBXBuildFile; fileRef = 3CAD9A0E28B97687005EB383 /* UITextField + extension.swift */; };
		3CAD9A1128B978EC005EB383 /* CustomNavigationView.swift in Sources */ = {isa = PBXBuildFile; fileRef = 3CAD9A1028B978EB005EB383 /* CustomNavigationView.swift */; };
		3CAD9A1328B989B9005EB383 /* FilterOptionsModel.swift in Sources */ = {isa = PBXBuildFile; fileRef = 3CAD9A1228B989B9005EB383 /* FilterOptionsModel.swift */; };
		3CAD9A1528BA1C79005EB383 /* UINavigationController + extension.swift in Sources */ = {isa = PBXBuildFile; fileRef = 3CAD9A1428BA1C79005EB383 /* UINavigationController + extension.swift */; };
		3CAD9A1828BA2AE7005EB383 /* Mark-Pro.ttf in Resources */ = {isa = PBXBuildFile; fileRef = 3CAD9A1728BA2AE7005EB383 /* Mark-Pro.ttf */; };
		3CAD9A1A28BA2D65005EB383 /* UIFont + extension.swift in Sources */ = {isa = PBXBuildFile; fileRef = 3CAD9A1928BA2D65005EB383 /* UIFont + extension.swift */; };
		3CAD9A1C28BA37B8005EB383 /* SFProDisplay-Regular.ttf in Resources */ = {isa = PBXBuildFile; fileRef = 3CAD9A1B28BA37B7005EB383 /* SFProDisplay-Regular.ttf */; };
		3CAD9A1E28BA3AE9005EB383 /* ProductDetailsController.swift in Sources */ = {isa = PBXBuildFile; fileRef = 3CAD9A1D28BA3AE9005EB383 /* ProductDetailsController.swift */; };
		3CAD9A2028BA65DB005EB383 /* MainCollectionView.swift in Sources */ = {isa = PBXBuildFile; fileRef = 3CAD9A1F28BA65DB005EB383 /* MainCollectionView.swift */; };
		3CAD9A2228BA7CB0005EB383 /* ProductDetailsView.swift in Sources */ = {isa = PBXBuildFile; fileRef = 3CAD9A2128BA7CB0005EB383 /* ProductDetailsView.swift */; };
		3CAD9A2628BAF28A005EB383 /* Phone.swift in Sources */ = {isa = PBXBuildFile; fileRef = 3CAD9A2528BAF28A005EB383 /* Phone.swift */; };
		3CAD9A2C28BAFEE8005EB383 /* RatingView.swift in Sources */ = {isa = PBXBuildFile; fileRef = 3CAD9A2B28BAFEE8005EB383 /* RatingView.swift */; };
		3CBB32A928B3D6F400611A7D /* SelectCategoryCell.swift in Sources */ = {isa = PBXBuildFile; fileRef = 3CBB32A828B3D6F400611A7D /* SelectCategoryCell.swift */; };
		3CBB32AB28B3DF4C00611A7D /* HotSalesCell.swift in Sources */ = {isa = PBXBuildFile; fileRef = 3CBB32AA28B3DF4C00611A7D /* HotSalesCell.swift */; };
		3CBB32AD28B411B100611A7D /* BestSellerCell.swift in Sources */ = {isa = PBXBuildFile; fileRef = 3CBB32AC28B411B100611A7D /* BestSellerCell.swift */; };
		3CBB32AF28B610C600611A7D /* ReuseHeaderView.swift in Sources */ = {isa = PBXBuildFile; fileRef = 3CBB32AE28B610C600611A7D /* ReuseHeaderView.swift */; };
		3CBB32B128B62BD700611A7D /* MainViewController.swift in Sources */ = {isa = PBXBuildFile; fileRef = 3CBB32B028B62BD700611A7D /* MainViewController.swift */; };
		3CBB32B628B6468800611A7D /* HotSalesHeaderView.swift in Sources */ = {isa = PBXBuildFile; fileRef = 3CBB32B528B6468800611A7D /* HotSalesHeaderView.swift */; };
		3CBB32B928B6519B00611A7D /* UILabel + extension.swift in Sources */ = {isa = PBXBuildFile; fileRef = 3CBB32B828B6519B00611A7D /* UILabel + extension.swift */; };
		3CBB32BB28B6575B00611A7D /* UIColor + extension.swift in Sources */ = {isa = PBXBuildFile; fileRef = 3CBB32BA28B6575B00611A7D /* UIColor + extension.swift */; };
		3CBB32BE28B66B5F00611A7D /* LayoutCreationService.swift in Sources */ = {isa = PBXBuildFile; fileRef = 3CBB32BD28B66B5F00611A7D /* LayoutCreationService.swift */; };
		3CBB32C128B6713D00611A7D /* CustomTabBarView.swift in Sources */ = {isa = PBXBuildFile; fileRef = 3CBB32C028B6713D00611A7D /* CustomTabBarView.swift */; };
		3CBB32C328B691E700611A7D /* UIButton + extension.swift in Sources */ = {isa = PBXBuildFile; fileRef = 3CBB32C228B691E700611A7D /* UIButton + extension.swift */; };
		3CCE190D28B3A30E009B864A /* AppDelegate.swift in Sources */ = {isa = PBXBuildFile; fileRef = 3CCE190C28B3A30E009B864A /* AppDelegate.swift */; };
		3CCE190F28B3A30E009B864A /* SceneDelegate.swift in Sources */ = {isa = PBXBuildFile; fileRef = 3CCE190E28B3A30E009B864A /* SceneDelegate.swift */; };
		3CCE191728B3A30E009B864A /* GadgetMarketTestApp.xcdatamodeld in Sources */ = {isa = PBXBuildFile; fileRef = 3CCE191528B3A30E009B864A /* GadgetMarketTestApp.xcdatamodeld */; };
		3CCE191928B3A311009B864A /* Assets.xcassets in Resources */ = {isa = PBXBuildFile; fileRef = 3CCE191828B3A311009B864A /* Assets.xcassets */; };
		3CCE191C28B3A311009B864A /* LaunchScreen.storyboard in Resources */ = {isa = PBXBuildFile; fileRef = 3CCE191A28B3A311009B864A /* LaunchScreen.storyboard */; };
/* End PBXBuildFile section */

/* Begin PBXFileReference section */
		3C0A532028BF7A20007252CF /* Constants.swift */ = {isa = PBXFileReference; lastKnownFileType = sourcecode.swift; path = Constants.swift; sourceTree = "<group>"; };
		3C0A532228BF7B16007252CF /* MyCartController.swift */ = {isa = PBXFileReference; lastKnownFileType = sourcecode.swift; path = MyCartController.swift; sourceTree = "<group>"; };
		3C0A532628BF84F7007252CF /* MyCartView.swift */ = {isa = PBXFileReference; lastKnownFileType = sourcecode.swift; path = MyCartView.swift; sourceTree = "<group>"; };
		3C0A532828BFC4EB007252CF /* TotalView.swift */ = {isa = PBXFileReference; lastKnownFileType = sourcecode.swift; path = TotalView.swift; sourceTree = "<group>"; };
		3C0A532A28BFE134007252CF /* MyCartCell.swift */ = {isa = PBXFileReference; lastKnownFileType = sourcecode.swift; path = MyCartCell.swift; sourceTree = "<group>"; };
		3C817E1B28B6C43900EF7094 /* UICollectionView + extension.swift */ = {isa = PBXFileReference; lastKnownFileType = sourcecode.swift; path = "UICollectionView + extension.swift"; sourceTree = "<group>"; };
		3C817E1D28B6D4CC00EF7094 /* URLs.swift */ = {isa = PBXFileReference; lastKnownFileType = sourcecode.swift; path = URLs.swift; sourceTree = "<group>"; };
		3C817E2028B6D8C500EF7094 /* StoreModel.swift */ = {isa = PBXFileReference; lastKnownFileType = sourcecode.swift; path = StoreModel.swift; sourceTree = "<group>"; };
		3C817E2428B763C100EF7094 /* NetworkManager.swift */ = {isa = PBXFileReference; lastKnownFileType = sourcecode.swift; path = NetworkManager.swift; sourceTree = "<group>"; };
		3C817E2628B76ADF00EF7094 /* ImageManager.swift */ = {isa = PBXFileReference; lastKnownFileType = sourcecode.swift; path = ImageManager.swift; sourceTree = "<group>"; };
		3C817E2828B7A36B00EF7094 /* String + extension.swift */ = {isa = PBXFileReference; lastKnownFileType = sourcecode.swift; path = "String + extension.swift"; sourceTree = "<group>"; };
		3C817E2A28B7D40000EF7094 /* SelectCategoryIcons.swift */ = {isa = PBXFileReference; lastKnownFileType = sourcecode.swift; path = SelectCategoryIcons.swift; sourceTree = "<group>"; };
		3CAAC6FB28BBC94000440889 /* SetColorView.swift */ = {isa = PBXFileReference; lastKnownFileType = sourcecode.swift; path = SetColorView.swift; sourceTree = "<group>"; };
		3CAAC6FF28BBFDE200440889 /* HBSegmentedControl.swift */ = {isa = PBXFileReference; lastKnownFileType = sourcecode.swift; path = HBSegmentedControl.swift; sourceTree = "<group>"; };
		3CAAC70228BC14B800440889 /* InformationView.swift */ = {isa = PBXFileReference; lastKnownFileType = sourcecode.swift; path = InformationView.swift; sourceTree = "<group>"; };
		3CAAC70428BCDB3200440889 /* InfoIcon.swift */ = {isa = PBXFileReference; lastKnownFileType = sourcecode.swift; path = InfoIcon.swift; sourceTree = "<group>"; };
		3CAAC70628BE4E0200440889 /* ProductDetailsCell.swift */ = {isa = PBXFileReference; lastKnownFileType = sourcecode.swift; path = ProductDetailsCell.swift; sourceTree = "<group>"; };
		3CAAC70A28BE811400440889 /* CarouselView.swift */ = {isa = PBXFileReference; lastKnownFileType = sourcecode.swift; path = CarouselView.swift; sourceTree = "<group>"; };
		3CAD99FE28B8C714005EB383 /* FilterOptionsViewController.swift */ = {isa = PBXFileReference; lastKnownFileType = sourcecode.swift; path = FilterOptionsViewController.swift; sourceTree = "<group>"; };
		3CAD9A0428B8FF55005EB383 /* UIView + extension.swift */ = {isa = PBXFileReference; lastKnownFileType = sourcecode.swift; path = "UIView + extension.swift"; sourceTree = "<group>"; };
		3CAD9A0628B9289B005EB383 /* PresentstionController.swift */ = {isa = PBXFileReference; lastKnownFileType = sourcecode.swift; path = PresentstionController.swift; sourceTree = "<group>"; };
		3CAD9A0828B93E2F005EB383 /* FilterOptionsCell.swift */ = {isa = PBXFileReference; lastKnownFileType = sourcecode.swift; path = FilterOptionsCell.swift; sourceTree = "<group>"; };
		3CAD9A0E28B97687005EB383 /* UITextField + extension.swift */ = {isa = PBXFileReference; lastKnownFileType = sourcecode.swift; path = "UITextField + extension.swift"; sourceTree = "<group>"; };
		3CAD9A1028B978EB005EB383 /* CustomNavigationView.swift */ = {isa = PBXFileReference; lastKnownFileType = sourcecode.swift; path = CustomNavigationView.swift; sourceTree = "<group>"; };
		3CAD9A1228B989B9005EB383 /* FilterOptionsModel.swift */ = {isa = PBXFileReference; lastKnownFileType = sourcecode.swift; path = FilterOptionsModel.swift; sourceTree = "<group>"; };
		3CAD9A1428BA1C79005EB383 /* UINavigationController + extension.swift */ = {isa = PBXFileReference; lastKnownFileType = sourcecode.swift; path = "UINavigationController + extension.swift"; sourceTree = "<group>"; };
		3CAD9A1728BA2AE7005EB383 /* Mark-Pro.ttf */ = {isa = PBXFileReference; lastKnownFileType = file; path = "Mark-Pro.ttf"; sourceTree = "<group>"; };
		3CAD9A1928BA2D65005EB383 /* UIFont + extension.swift */ = {isa = PBXFileReference; lastKnownFileType = sourcecode.swift; path = "UIFont + extension.swift"; sourceTree = "<group>"; };
		3CAD9A1B28BA37B7005EB383 /* SFProDisplay-Regular.ttf */ = {isa = PBXFileReference; lastKnownFileType = file; path = "SFProDisplay-Regular.ttf"; sourceTree = "<group>"; };
		3CAD9A1D28BA3AE9005EB383 /* ProductDetailsController.swift */ = {isa = PBXFileReference; lastKnownFileType = sourcecode.swift; path = ProductDetailsController.swift; sourceTree = "<group>"; };
		3CAD9A1F28BA65DB005EB383 /* MainCollectionView.swift */ = {isa = PBXFileReference; lastKnownFileType = sourcecode.swift; path = MainCollectionView.swift; sourceTree = "<group>"; };
		3CAD9A2128BA7CB0005EB383 /* ProductDetailsView.swift */ = {isa = PBXFileReference; lastKnownFileType = sourcecode.swift; path = ProductDetailsView.swift; sourceTree = "<group>"; };
		3CAD9A2528BAF28A005EB383 /* Phone.swift */ = {isa = PBXFileReference; lastKnownFileType = sourcecode.swift; path = Phone.swift; sourceTree = "<group>"; };
		3CAD9A2B28BAFEE8005EB383 /* RatingView.swift */ = {isa = PBXFileReference; lastKnownFileType = sourcecode.swift; path = RatingView.swift; sourceTree = "<group>"; };
		3CBB32A828B3D6F400611A7D /* SelectCategoryCell.swift */ = {isa = PBXFileReference; lastKnownFileType = sourcecode.swift; path = SelectCategoryCell.swift; sourceTree = "<group>"; };
		3CBB32AA28B3DF4C00611A7D /* HotSalesCell.swift */ = {isa = PBXFileReference; lastKnownFileType = sourcecode.swift; path = HotSalesCell.swift; sourceTree = "<group>"; };
		3CBB32AC28B411B100611A7D /* BestSellerCell.swift */ = {isa = PBXFileReference; lastKnownFileType = sourcecode.swift; path = BestSellerCell.swift; sourceTree = "<group>"; };
		3CBB32AE28B610C600611A7D /* ReuseHeaderView.swift */ = {isa = PBXFileReference; lastKnownFileType = sourcecode.swift; path = ReuseHeaderView.swift; sourceTree = "<group>"; };
		3CBB32B028B62BD700611A7D /* MainViewController.swift */ = {isa = PBXFileReference; lastKnownFileType = sourcecode.swift; path = MainViewController.swift; sourceTree = "<group>"; };
		3CBB32B528B6468800611A7D /* HotSalesHeaderView.swift */ = {isa = PBXFileReference; lastKnownFileType = sourcecode.swift; path = HotSalesHeaderView.swift; sourceTree = "<group>"; };
		3CBB32B828B6519B00611A7D /* UILabel + extension.swift */ = {isa = PBXFileReference; lastKnownFileType = sourcecode.swift; path = "UILabel + extension.swift"; sourceTree = "<group>"; };
		3CBB32BA28B6575B00611A7D /* UIColor + extension.swift */ = {isa = PBXFileReference; lastKnownFileType = sourcecode.swift; path = "UIColor + extension.swift"; sourceTree = "<group>"; };
		3CBB32BD28B66B5F00611A7D /* LayoutCreationService.swift */ = {isa = PBXFileReference; lastKnownFileType = sourcecode.swift; path = LayoutCreationService.swift; sourceTree = "<group>"; };
		3CBB32C028B6713D00611A7D /* CustomTabBarView.swift */ = {isa = PBXFileReference; lastKnownFileType = sourcecode.swift; path = CustomTabBarView.swift; sourceTree = "<group>"; };
		3CBB32C228B691E700611A7D /* UIButton + extension.swift */ = {isa = PBXFileReference; lastKnownFileType = sourcecode.swift; path = "UIButton + extension.swift"; sourceTree = "<group>"; };
		3CCE190928B3A30E009B864A /* GadgetMarketTestApp.app */ = {isa = PBXFileReference; explicitFileType = wrapper.application; includeInIndex = 0; path = GadgetMarketTestApp.app; sourceTree = BUILT_PRODUCTS_DIR; };
		3CCE190C28B3A30E009B864A /* AppDelegate.swift */ = {isa = PBXFileReference; lastKnownFileType = sourcecode.swift; path = AppDelegate.swift; sourceTree = "<group>"; };
		3CCE190E28B3A30E009B864A /* SceneDelegate.swift */ = {isa = PBXFileReference; lastKnownFileType = sourcecode.swift; path = SceneDelegate.swift; sourceTree = "<group>"; };
		3CCE191628B3A30E009B864A /* GadgetMarketTestApp.xcdatamodel */ = {isa = PBXFileReference; lastKnownFileType = wrapper.xcdatamodel; path = GadgetMarketTestApp.xcdatamodel; sourceTree = "<group>"; };
		3CCE191828B3A311009B864A /* Assets.xcassets */ = {isa = PBXFileReference; lastKnownFileType = folder.assetcatalog; path = Assets.xcassets; sourceTree = "<group>"; };
		3CCE191B28B3A311009B864A /* Base */ = {isa = PBXFileReference; lastKnownFileType = file.storyboard; name = Base; path = Base.lproj/LaunchScreen.storyboard; sourceTree = "<group>"; };
		3CCE191D28B3A311009B864A /* Info.plist */ = {isa = PBXFileReference; lastKnownFileType = text.plist.xml; path = Info.plist; sourceTree = "<group>"; };
		67DDDCBD1D12D8DF87AD19B9 /* Pods-GadgetMarketTestApp.release.xcconfig */ = {isa = PBXFileReference; includeInIndex = 1; lastKnownFileType = text.xcconfig; name = "Pods-GadgetMarketTestApp.release.xcconfig"; path = "Target Support Files/Pods-GadgetMarketTestApp/Pods-GadgetMarketTestApp.release.xcconfig"; sourceTree = "<group>"; };
		9C3623CF4828DE0A153899B2 /* Pods_GadgetMarketTestApp.framework */ = {isa = PBXFileReference; explicitFileType = wrapper.framework; includeInIndex = 0; path = Pods_GadgetMarketTestApp.framework; sourceTree = BUILT_PRODUCTS_DIR; };
		C6EA4DA866C3434587C8EDFD /* Pods-GadgetMarketTestApp.debug.xcconfig */ = {isa = PBXFileReference; includeInIndex = 1; lastKnownFileType = text.xcconfig; name = "Pods-GadgetMarketTestApp.debug.xcconfig"; path = "Target Support Files/Pods-GadgetMarketTestApp/Pods-GadgetMarketTestApp.debug.xcconfig"; sourceTree = "<group>"; };
/* End PBXFileReference section */

/* Begin PBXFrameworksBuildPhase section */
		3CCE190628B3A30E009B864A /* Frameworks */ = {
			isa = PBXFrameworksBuildPhase;
			buildActionMask = 2147483647;
			files = (
				1CB922218224A6F5C383486D /* Pods_GadgetMarketTestApp.framework in Frameworks */,
			);
			runOnlyForDeploymentPostprocessing = 0;
		};
/* End PBXFrameworksBuildPhase section */

/* Begin PBXGroup section */
		1E2043DB6D9D9ECF1107EF89 /* Pods */ = {
			isa = PBXGroup;
			children = (
				C6EA4DA866C3434587C8EDFD /* Pods-GadgetMarketTestApp.debug.xcconfig */,
				67DDDCBD1D12D8DF87AD19B9 /* Pods-GadgetMarketTestApp.release.xcconfig */,
			);
			path = Pods;
			sourceTree = "<group>";
		};
		3C0A532428BF8481007252CF /* Main */ = {
			isa = PBXGroup;
			children = (
				3CAD9A1F28BA65DB005EB383 /* MainCollectionView.swift */,
				3CBB32C028B6713D00611A7D /* CustomTabBarView.swift */,
			);
			path = Main;
			sourceTree = "<group>";
		};
		3C0A532528BF84C0007252CF /* MyCart */ = {
			isa = PBXGroup;
			children = (
				3C0A532628BF84F7007252CF /* MyCartView.swift */,
				3C0A532828BFC4EB007252CF /* TotalView.swift */,
			);
			path = MyCart;
			sourceTree = "<group>";
		};
		3C817E1F28B6D85900EF7094 /* Models */ = {
			isa = PBXGroup;
			children = (
				3C817E2028B6D8C500EF7094 /* StoreModel.swift */,
				3C817E2A28B7D40000EF7094 /* SelectCategoryIcons.swift */,
				3CAD9A1228B989B9005EB383 /* FilterOptionsModel.swift */,
				3CAD9A2528BAF28A005EB383 /* Phone.swift */,
				3CAAC70428BCDB3200440889 /* InfoIcon.swift */,
			);
			path = Models;
			sourceTree = "<group>";
		};
		3C817E2228B6D9D200EF7094 /* Managers */ = {
			isa = PBXGroup;
			children = (
				3C817E2428B763C100EF7094 /* NetworkManager.swift */,
				3C817E2628B76ADF00EF7094 /* ImageManager.swift */,
			);
			path = Managers;
			sourceTree = "<group>";
		};
		3C817E2328B6D9F500EF7094 /* Controllers */ = {
			isa = PBXGroup;
			children = (
				3CBB32B028B62BD700611A7D /* MainViewController.swift */,
				3CAD99FE28B8C714005EB383 /* FilterOptionsViewController.swift */,
				3CAD9A1D28BA3AE9005EB383 /* ProductDetailsController.swift */,
				3C0A532228BF7B16007252CF /* MyCartController.swift */,
				3CAD9A0628B9289B005EB383 /* PresentstionController.swift */,
			);
			path = Controllers;
			sourceTree = "<group>";
		};
		3CAAC6FA28BBC90E00440889 /* ProductDetailsVIews */ = {
			isa = PBXGroup;
			children = (
				3CAD9A2128BA7CB0005EB383 /* ProductDetailsView.swift */,
				3CAD9A2B28BAFEE8005EB383 /* RatingView.swift */,
				3CAAC6FB28BBC94000440889 /* SetColorView.swift */,
				3CAAC6FF28BBFDE200440889 /* HBSegmentedControl.swift */,
				3CAAC70228BC14B800440889 /* InformationView.swift */,
				3CAAC70A28BE811400440889 /* CarouselView.swift */,
			);
			path = ProductDetailsVIews;
			sourceTree = "<group>";
		};
		3CAD9A1628BA2AC3005EB383 /* Fonts */ = {
			isa = PBXGroup;
			children = (
				3CAD9A1B28BA37B7005EB383 /* SFProDisplay-Regular.ttf */,
				3CAD9A1728BA2AE7005EB383 /* Mark-Pro.ttf */,
			);
			path = Fonts;
			sourceTree = "<group>";
		};
		3CBB32B228B641DC00611A7D /* Headers */ = {
			isa = PBXGroup;
			children = (
				3CBB32AE28B610C600611A7D /* ReuseHeaderView.swift */,
				3CBB32B528B6468800611A7D /* HotSalesHeaderView.swift */,
			);
			path = Headers;
			sourceTree = "<group>";
		};
		3CBB32B328B641ED00611A7D /* Application */ = {
			isa = PBXGroup;
			children = (
				3CCE190C28B3A30E009B864A /* AppDelegate.swift */,
				3CCE190E28B3A30E009B864A /* SceneDelegate.swift */,
			);
			path = Application;
			sourceTree = "<group>";
		};
		3CBB32B428B6421000611A7D /* Cells */ = {
			isa = PBXGroup;
			children = (
				3CBB32A828B3D6F400611A7D /* SelectCategoryCell.swift */,
				3CBB32AA28B3DF4C00611A7D /* HotSalesCell.swift */,
				3CBB32AC28B411B100611A7D /* BestSellerCell.swift */,
				3CAD9A0828B93E2F005EB383 /* FilterOptionsCell.swift */,
				3CAAC70628BE4E0200440889 /* ProductDetailsCell.swift */,
				3C0A532A28BFE134007252CF /* MyCartCell.swift */,
			);
			path = Cells;
			sourceTree = "<group>";
		};
		3CBB32B728B6518300611A7D /* Extensions */ = {
			isa = PBXGroup;
			children = (
				3CBB32B828B6519B00611A7D /* UILabel + extension.swift */,
				3CBB32BA28B6575B00611A7D /* UIColor + extension.swift */,
				3CBB32C228B691E700611A7D /* UIButton + extension.swift */,
				3C817E1B28B6C43900EF7094 /* UICollectionView + extension.swift */,
				3C817E2828B7A36B00EF7094 /* String + extension.swift */,
				3CAD9A0428B8FF55005EB383 /* UIView + extension.swift */,
				3CAD9A0E28B97687005EB383 /* UITextField + extension.swift */,
				3CAD9A1428BA1C79005EB383 /* UINavigationController + extension.swift */,
				3CAD9A1928BA2D65005EB383 /* UIFont + extension.swift */,
			);
			path = Extensions;
			sourceTree = "<group>";
		};
		3CBB32BC28B66B0D00611A7D /* Helpers */ = {
			isa = PBXGroup;
			children = (
				3C817E1D28B6D4CC00EF7094 /* URLs.swift */,
				3CBB32BD28B66B5F00611A7D /* LayoutCreationService.swift */,
				3C0A532028BF7A20007252CF /* Constants.swift */,
			);
			path = Helpers;
			sourceTree = "<group>";
		};
		3CBB32BF28B670D200611A7D /* Views */ = {
			isa = PBXGroup;
			children = (
				3C0A532428BF8481007252CF /* Main */,
				3CAAC6FA28BBC90E00440889 /* ProductDetailsVIews */,
				3C0A532528BF84C0007252CF /* MyCart */,
				3CAD9A1028B978EB005EB383 /* CustomNavigationView.swift */,
			);
			path = Views;
			sourceTree = "<group>";
		};
		3CCE190028B3A30E009B864A = {
			isa = PBXGroup;
			children = (
				3CCE190B28B3A30E009B864A /* GadgetMarketTestApp */,
				3CCE190A28B3A30E009B864A /* Products */,
				1E2043DB6D9D9ECF1107EF89 /* Pods */,
				492F591518066FB76FC04061 /* Frameworks */,
			);
			sourceTree = "<group>";
		};
		3CCE190A28B3A30E009B864A /* Products */ = {
			isa = PBXGroup;
			children = (
				3CCE190928B3A30E009B864A /* GadgetMarketTestApp.app */,
			);
			name = Products;
			sourceTree = "<group>";
		};
		3CCE190B28B3A30E009B864A /* GadgetMarketTestApp */ = {
			isa = PBXGroup;
			children = (
				3CCE191A28B3A311009B864A /* LaunchScreen.storyboard */,
				3C817E2328B6D9F500EF7094 /* Controllers */,
				3CBB32BF28B670D200611A7D /* Views */,
				3CBB32B428B6421000611A7D /* Cells */,
				3CBB32B228B641DC00611A7D /* Headers */,
				3C817E1F28B6D85900EF7094 /* Models */,
				3C817E2228B6D9D200EF7094 /* Managers */,
				3CBB32BC28B66B0D00611A7D /* Helpers */,
				3CBB32B728B6518300611A7D /* Extensions */,
				3CBB32B328B641ED00611A7D /* Application */,
				3CAD9A1628BA2AC3005EB383 /* Fonts */,
				3CCE191828B3A311009B864A /* Assets.xcassets */,
				3CCE191D28B3A311009B864A /* Info.plist */,
				3CCE191528B3A30E009B864A /* GadgetMarketTestApp.xcdatamodeld */,
			);
			path = GadgetMarketTestApp;
			sourceTree = "<group>";
		};
		492F591518066FB76FC04061 /* Frameworks */ = {
			isa = PBXGroup;
			children = (
				9C3623CF4828DE0A153899B2 /* Pods_GadgetMarketTestApp.framework */,
			);
			name = Frameworks;
			sourceTree = "<group>";
		};
/* End PBXGroup section */

/* Begin PBXNativeTarget section */
		3CCE190828B3A30E009B864A /* GadgetMarketTestApp */ = {
			isa = PBXNativeTarget;
			buildConfigurationList = 3CCE192028B3A311009B864A /* Build configuration list for PBXNativeTarget "GadgetMarketTestApp" */;
			buildPhases = (
				C434452045A2860BFEAFD712 /* [CP] Check Pods Manifest.lock */,
				3CCE190528B3A30E009B864A /* Sources */,
				3CCE190628B3A30E009B864A /* Frameworks */,
				3CCE190728B3A30E009B864A /* Resources */,
				D9C0A44BDA1D74AA17FC159F /* [CP] Embed Pods Frameworks */,
			);
			buildRules = (
			);
			dependencies = (
			);
			name = GadgetMarketTestApp;
			productName = GadgetMarketTestApp;
			productReference = 3CCE190928B3A30E009B864A /* GadgetMarketTestApp.app */;
			productType = "com.apple.product-type.application";
		};
/* End PBXNativeTarget section */

/* Begin PBXProject section */
		3CCE190128B3A30E009B864A /* Project object */ = {
			isa = PBXProject;
			attributes = {
				BuildIndependentTargetsInParallel = 1;
				LastSwiftUpdateCheck = 1340;
				LastUpgradeCheck = 1340;
				TargetAttributes = {
					3CCE190828B3A30E009B864A = {
						CreatedOnToolsVersion = 13.4.1;
					};
				};
			};
			buildConfigurationList = 3CCE190428B3A30E009B864A /* Build configuration list for PBXProject "GadgetMarketTestApp" */;
			compatibilityVersion = "Xcode 13.0";
			developmentRegion = en;
			hasScannedForEncodings = 0;
			knownRegions = (
				en,
				Base,
			);
			mainGroup = 3CCE190028B3A30E009B864A;
			productRefGroup = 3CCE190A28B3A30E009B864A /* Products */;
			projectDirPath = "";
			projectRoot = "";
			targets = (
				3CCE190828B3A30E009B864A /* GadgetMarketTestApp */,
			);
		};
/* End PBXProject section */

/* Begin PBXResourcesBuildPhase section */
		3CCE190728B3A30E009B864A /* Resources */ = {
			isa = PBXResourcesBuildPhase;
			buildActionMask = 2147483647;
			files = (
				3CAD9A1828BA2AE7005EB383 /* Mark-Pro.ttf in Resources */,
				3CCE191C28B3A311009B864A /* LaunchScreen.storyboard in Resources */,
				3CCE191928B3A311009B864A /* Assets.xcassets in Resources */,
				3CAD9A1C28BA37B8005EB383 /* SFProDisplay-Regular.ttf in Resources */,
			);
			runOnlyForDeploymentPostprocessing = 0;
		};
/* End PBXResourcesBuildPhase section */

/* Begin PBXShellScriptBuildPhase section */
		C434452045A2860BFEAFD712 /* [CP] Check Pods Manifest.lock */ = {
			isa = PBXShellScriptBuildPhase;
			buildActionMask = 2147483647;
			files = (
			);
			inputFileListPaths = (
			);
			inputPaths = (
				"${PODS_PODFILE_DIR_PATH}/Podfile.lock",
				"${PODS_ROOT}/Manifest.lock",
			);
			name = "[CP] Check Pods Manifest.lock";
			outputFileListPaths = (
			);
			outputPaths = (
				"$(DERIVED_FILE_DIR)/Pods-GadgetMarketTestApp-checkManifestLockResult.txt",
			);
			runOnlyForDeploymentPostprocessing = 0;
			shellPath = /bin/sh;
			shellScript = "diff \"${PODS_PODFILE_DIR_PATH}/Podfile.lock\" \"${PODS_ROOT}/Manifest.lock\" > /dev/null\nif [ $? != 0 ] ; then\n    # print error to STDERR\n    echo \"error: The sandbox is not in sync with the Podfile.lock. Run 'pod install' or update your CocoaPods installation.\" >&2\n    exit 1\nfi\n# This output is used by Xcode 'outputs' to avoid re-running this script phase.\necho \"SUCCESS\" > \"${SCRIPT_OUTPUT_FILE_0}\"\n";
			showEnvVarsInLog = 0;
		};
		D9C0A44BDA1D74AA17FC159F /* [CP] Embed Pods Frameworks */ = {
			isa = PBXShellScriptBuildPhase;
			buildActionMask = 2147483647;
			files = (
			);
			inputFileListPaths = (
				"${PODS_ROOT}/Target Support Files/Pods-GadgetMarketTestApp/Pods-GadgetMarketTestApp-frameworks-${CONFIGURATION}-input-files.xcfilelist",
			);
			name = "[CP] Embed Pods Frameworks";
			outputFileListPaths = (
				"${PODS_ROOT}/Target Support Files/Pods-GadgetMarketTestApp/Pods-GadgetMarketTestApp-frameworks-${CONFIGURATION}-output-files.xcfilelist",
			);
			runOnlyForDeploymentPostprocessing = 0;
			shellPath = /bin/sh;
			shellScript = "\"${PODS_ROOT}/Target Support Files/Pods-GadgetMarketTestApp/Pods-GadgetMarketTestApp-frameworks.sh\"\n";
			showEnvVarsInLog = 0;
		};
/* End PBXShellScriptBuildPhase section */

/* Begin PBXSourcesBuildPhase section */
		3CCE190528B3A30E009B864A /* Sources */ = {
			isa = PBXSourcesBuildPhase;
			buildActionMask = 2147483647;
			files = (
				3C0A532B28BFE134007252CF /* MyCartCell.swift in Sources */,
				3C817E2B28B7D40000EF7094 /* SelectCategoryIcons.swift in Sources */,
				3CAD9A0928B93E2F005EB383 /* FilterOptionsCell.swift in Sources */,
				3CAD9A1328B989B9005EB383 /* FilterOptionsModel.swift in Sources */,
				3CAD9A0728B9289B005EB383 /* PresentstionController.swift in Sources */,
				3C817E2528B763C100EF7094 /* NetworkManager.swift in Sources */,
				3C0A532328BF7B16007252CF /* MyCartController.swift in Sources */,
				3C0A532728BF84F7007252CF /* MyCartView.swift in Sources */,
				3C817E2128B6D8C500EF7094 /* StoreModel.swift in Sources */,
				3CAD9A1A28BA2D65005EB383 /* UIFont + extension.swift in Sources */,
				3CAAC70728BE4E0200440889 /* ProductDetailsCell.swift in Sources */,
				3C0A532128BF7A20007252CF /* Constants.swift in Sources */,
				3CAD9A1128B978EC005EB383 /* CustomNavigationView.swift in Sources */,
				3C817E2728B76ADF00EF7094 /* ImageManager.swift in Sources */,
				3CBB32AD28B411B100611A7D /* BestSellerCell.swift in Sources */,
				3CAAC70328BC14B800440889 /* InformationView.swift in Sources */,
				3C0A532928BFC4EB007252CF /* TotalView.swift in Sources */,
				3CBB32AF28B610C600611A7D /* ReuseHeaderView.swift in Sources */,
				3CBB32B628B6468800611A7D /* HotSalesHeaderView.swift in Sources */,
				3CAD9A1E28BA3AE9005EB383 /* ProductDetailsController.swift in Sources */,
				3CBB32C328B691E700611A7D /* UIButton + extension.swift in Sources */,
				3CAD9A0528B8FF55005EB383 /* UIView + extension.swift in Sources */,
				3CCE190D28B3A30E009B864A /* AppDelegate.swift in Sources */,
				3CCE191728B3A30E009B864A /* GadgetMarketTestApp.xcdatamodeld in Sources */,
				3CAD9A2228BA7CB0005EB383 /* ProductDetailsView.swift in Sources */,
				3CCE190F28B3A30E009B864A /* SceneDelegate.swift in Sources */,
				3CBB32BE28B66B5F00611A7D /* LayoutCreationService.swift in Sources */,
				3CAAC70528BCDB3200440889 /* InfoIcon.swift in Sources */,
				3CAD9A1528BA1C79005EB383 /* UINavigationController + extension.swift in Sources */,
				3CBB32B128B62BD700611A7D /* MainViewController.swift in Sources */,
				3CBB32AB28B3DF4C00611A7D /* HotSalesCell.swift in Sources */,
				3CAAC70028BBFDE200440889 /* HBSegmentedControl.swift in Sources */,
				3CBB32C128B6713D00611A7D /* CustomTabBarView.swift in Sources */,
				3CAAC70B28BE811400440889 /* CarouselView.swift in Sources */,
				3CAD9A2628BAF28A005EB383 /* Phone.swift in Sources */,
				3CAD9A2C28BAFEE8005EB383 /* RatingView.swift in Sources */,
				3C817E1E28B6D4CC00EF7094 /* URLs.swift in Sources */,
				3CBB32B928B6519B00611A7D /* UILabel + extension.swift in Sources */,
				3CBB32BB28B6575B00611A7D /* UIColor + extension.swift in Sources */,
				3CAD9A0F28B97687005EB383 /* UITextField + extension.swift in Sources */,
				3CAAC6FC28BBC94000440889 /* SetColorView.swift in Sources */,
				3C817E1C28B6C43900EF7094 /* UICollectionView + extension.swift in Sources */,
				3CAD99FF28B8C714005EB383 /* FilterOptionsViewController.swift in Sources */,
				3C817E2928B7A36B00EF7094 /* String + extension.swift in Sources */,
				3CBB32A928B3D6F400611A7D /* SelectCategoryCell.swift in Sources */,
				3CAD9A2028BA65DB005EB383 /* MainCollectionView.swift in Sources */,
			);
			runOnlyForDeploymentPostprocessing = 0;
		};
/* End PBXSourcesBuildPhase section */

/* Begin PBXVariantGroup section */
		3CCE191A28B3A311009B864A /* LaunchScreen.storyboard */ = {
			isa = PBXVariantGroup;
			children = (
				3CCE191B28B3A311009B864A /* Base */,
			);
			name = LaunchScreen.storyboard;
			sourceTree = "<group>";
		};
/* End PBXVariantGroup section */

/* Begin XCBuildConfiguration section */
		3CCE191E28B3A311009B864A /* Debug */ = {
			isa = XCBuildConfiguration;
			buildSettings = {
				ALWAYS_SEARCH_USER_PATHS = NO;
				CLANG_ANALYZER_NONNULL = YES;
				CLANG_ANALYZER_NUMBER_OBJECT_CONVERSION = YES_AGGRESSIVE;
				CLANG_CXX_LANGUAGE_STANDARD = "gnu++17";
				CLANG_ENABLE_MODULES = YES;
				CLANG_ENABLE_OBJC_ARC = YES;
				CLANG_ENABLE_OBJC_WEAK = YES;
				CLANG_WARN_BLOCK_CAPTURE_AUTORELEASING = YES;
				CLANG_WARN_BOOL_CONVERSION = YES;
				CLANG_WARN_COMMA = YES;
				CLANG_WARN_CONSTANT_CONVERSION = YES;
				CLANG_WARN_DEPRECATED_OBJC_IMPLEMENTATIONS = YES;
				CLANG_WARN_DIRECT_OBJC_ISA_USAGE = YES_ERROR;
				CLANG_WARN_DOCUMENTATION_COMMENTS = YES;
				CLANG_WARN_EMPTY_BODY = YES;
				CLANG_WARN_ENUM_CONVERSION = YES;
				CLANG_WARN_INFINITE_RECURSION = YES;
				CLANG_WARN_INT_CONVERSION = YES;
				CLANG_WARN_NON_LITERAL_NULL_CONVERSION = YES;
				CLANG_WARN_OBJC_IMPLICIT_RETAIN_SELF = YES;
				CLANG_WARN_OBJC_LITERAL_CONVERSION = YES;
				CLANG_WARN_OBJC_ROOT_CLASS = YES_ERROR;
				CLANG_WARN_QUOTED_INCLUDE_IN_FRAMEWORK_HEADER = YES;
				CLANG_WARN_RANGE_LOOP_ANALYSIS = YES;
				CLANG_WARN_STRICT_PROTOTYPES = YES;
				CLANG_WARN_SUSPICIOUS_MOVE = YES;
				CLANG_WARN_UNGUARDED_AVAILABILITY = YES_AGGRESSIVE;
				CLANG_WARN_UNREACHABLE_CODE = YES;
				CLANG_WARN__DUPLICATE_METHOD_MATCH = YES;
				COPY_PHASE_STRIP = NO;
				DEBUG_INFORMATION_FORMAT = dwarf;
				ENABLE_STRICT_OBJC_MSGSEND = YES;
				ENABLE_TESTABILITY = YES;
				GCC_C_LANGUAGE_STANDARD = gnu11;
				GCC_DYNAMIC_NO_PIC = NO;
				GCC_NO_COMMON_BLOCKS = YES;
				GCC_OPTIMIZATION_LEVEL = 0;
				GCC_PREPROCESSOR_DEFINITIONS = (
					"DEBUG=1",
					"$(inherited)",
				);
				GCC_WARN_64_TO_32_BIT_CONVERSION = YES;
				GCC_WARN_ABOUT_RETURN_TYPE = YES_ERROR;
				GCC_WARN_UNDECLARED_SELECTOR = YES;
				GCC_WARN_UNINITIALIZED_AUTOS = YES_AGGRESSIVE;
				GCC_WARN_UNUSED_FUNCTION = YES;
				GCC_WARN_UNUSED_VARIABLE = YES;
				IPHONEOS_DEPLOYMENT_TARGET = 15.5;
				MTL_ENABLE_DEBUG_INFO = INCLUDE_SOURCE;
				MTL_FAST_MATH = YES;
				ONLY_ACTIVE_ARCH = YES;
				SDKROOT = iphoneos;
				SWIFT_ACTIVE_COMPILATION_CONDITIONS = DEBUG;
				SWIFT_OPTIMIZATION_LEVEL = "-Onone";
			};
			name = Debug;
		};
		3CCE191F28B3A311009B864A /* Release */ = {
			isa = XCBuildConfiguration;
			buildSettings = {
				ALWAYS_SEARCH_USER_PATHS = NO;
				CLANG_ANALYZER_NONNULL = YES;
				CLANG_ANALYZER_NUMBER_OBJECT_CONVERSION = YES_AGGRESSIVE;
				CLANG_CXX_LANGUAGE_STANDARD = "gnu++17";
				CLANG_ENABLE_MODULES = YES;
				CLANG_ENABLE_OBJC_ARC = YES;
				CLANG_ENABLE_OBJC_WEAK = YES;
				CLANG_WARN_BLOCK_CAPTURE_AUTORELEASING = YES;
				CLANG_WARN_BOOL_CONVERSION = YES;
				CLANG_WARN_COMMA = YES;
				CLANG_WARN_CONSTANT_CONVERSION = YES;
				CLANG_WARN_DEPRECATED_OBJC_IMPLEMENTATIONS = YES;
				CLANG_WARN_DIRECT_OBJC_ISA_USAGE = YES_ERROR;
				CLANG_WARN_DOCUMENTATION_COMMENTS = YES;
				CLANG_WARN_EMPTY_BODY = YES;
				CLANG_WARN_ENUM_CONVERSION = YES;
				CLANG_WARN_INFINITE_RECURSION = YES;
				CLANG_WARN_INT_CONVERSION = YES;
				CLANG_WARN_NON_LITERAL_NULL_CONVERSION = YES;
				CLANG_WARN_OBJC_IMPLICIT_RETAIN_SELF = YES;
				CLANG_WARN_OBJC_LITERAL_CONVERSION = YES;
				CLANG_WARN_OBJC_ROOT_CLASS = YES_ERROR;
				CLANG_WARN_QUOTED_INCLUDE_IN_FRAMEWORK_HEADER = YES;
				CLANG_WARN_RANGE_LOOP_ANALYSIS = YES;
				CLANG_WARN_STRICT_PROTOTYPES = YES;
				CLANG_WARN_SUSPICIOUS_MOVE = YES;
				CLANG_WARN_UNGUARDED_AVAILABILITY = YES_AGGRESSIVE;
				CLANG_WARN_UNREACHABLE_CODE = YES;
				CLANG_WARN__DUPLICATE_METHOD_MATCH = YES;
				COPY_PHASE_STRIP = NO;
				DEBUG_INFORMATION_FORMAT = "dwarf-with-dsym";
				ENABLE_NS_ASSERTIONS = NO;
				ENABLE_STRICT_OBJC_MSGSEND = YES;
				GCC_C_LANGUAGE_STANDARD = gnu11;
				GCC_NO_COMMON_BLOCKS = YES;
				GCC_WARN_64_TO_32_BIT_CONVERSION = YES;
				GCC_WARN_ABOUT_RETURN_TYPE = YES_ERROR;
				GCC_WARN_UNDECLARED_SELECTOR = YES;
				GCC_WARN_UNINITIALIZED_AUTOS = YES_AGGRESSIVE;
				GCC_WARN_UNUSED_FUNCTION = YES;
				GCC_WARN_UNUSED_VARIABLE = YES;
				IPHONEOS_DEPLOYMENT_TARGET = 15.5;
				MTL_ENABLE_DEBUG_INFO = NO;
				MTL_FAST_MATH = YES;
				SDKROOT = iphoneos;
				SWIFT_COMPILATION_MODE = wholemodule;
				SWIFT_OPTIMIZATION_LEVEL = "-O";
				VALIDATE_PRODUCT = YES;
			};
			name = Release;
		};
		3CCE192128B3A311009B864A /* Debug */ = {
			isa = XCBuildConfiguration;
			baseConfigurationReference = C6EA4DA866C3434587C8EDFD /* Pods-GadgetMarketTestApp.debug.xcconfig */;
			buildSettings = {
				ASSETCATALOG_COMPILER_APPICON_NAME = AppIcon;
				ASSETCATALOG_COMPILER_GLOBAL_ACCENT_COLOR_NAME = AccentColor;
				CODE_SIGN_STYLE = Automatic;
				CURRENT_PROJECT_VERSION = 1;
				DEVELOPMENT_TEAM = MMLYXGU647;
				GENERATE_INFOPLIST_FILE = YES;
				INFOPLIST_FILE = GadgetMarketTestApp/Info.plist;
				INFOPLIST_KEY_UIApplicationSupportsIndirectInputEvents = YES;
				INFOPLIST_KEY_UILaunchStoryboardName = LaunchScreen;
				INFOPLIST_KEY_UISupportedInterfaceOrientations_iPad = "UIInterfaceOrientationPortrait UIInterfaceOrientationPortraitUpsideDown UIInterfaceOrientationLandscapeLeft UIInterfaceOrientationLandscapeRight";
				INFOPLIST_KEY_UISupportedInterfaceOrientations_iPhone = "UIInterfaceOrientationPortrait UIInterfaceOrientationLandscapeLeft UIInterfaceOrientationLandscapeRight";
				LD_RUNPATH_SEARCH_PATHS = (
					"$(inherited)",
					"@executable_path/Frameworks",
				);
				MARKETING_VERSION = 1.0;
				PRODUCT_BUNDLE_IDENTIFIER = ru.tekmya.GadgetMarketTestApp;
				PRODUCT_NAME = "$(TARGET_NAME)";
				SWIFT_EMIT_LOC_STRINGS = YES;
				SWIFT_VERSION = 5.0;
				TARGETED_DEVICE_FAMILY = "1,2";
			};
			name = Debug;
		};
		3CCE192228B3A311009B864A /* Release */ = {
			isa = XCBuildConfiguration;
			baseConfigurationReference = 67DDDCBD1D12D8DF87AD19B9 /* Pods-GadgetMarketTestApp.release.xcconfig */;
			buildSettings = {
				ASSETCATALOG_COMPILER_APPICON_NAME = AppIcon;
				ASSETCATALOG_COMPILER_GLOBAL_ACCENT_COLOR_NAME = AccentColor;
				CODE_SIGN_STYLE = Automatic;
				CURRENT_PROJECT_VERSION = 1;
				DEVELOPMENT_TEAM = MMLYXGU647;
				GENERATE_INFOPLIST_FILE = YES;
				INFOPLIST_FILE = GadgetMarketTestApp/Info.plist;
				INFOPLIST_KEY_UIApplicationSupportsIndirectInputEvents = YES;
				INFOPLIST_KEY_UILaunchStoryboardName = LaunchScreen;
				INFOPLIST_KEY_UISupportedInterfaceOrientations_iPad = "UIInterfaceOrientationPortrait UIInterfaceOrientationPortraitUpsideDown UIInterfaceOrientationLandscapeLeft UIInterfaceOrientationLandscapeRight";
				INFOPLIST_KEY_UISupportedInterfaceOrientations_iPhone = "UIInterfaceOrientationPortrait UIInterfaceOrientationLandscapeLeft UIInterfaceOrientationLandscapeRight";
				LD_RUNPATH_SEARCH_PATHS = (
					"$(inherited)",
					"@executable_path/Frameworks",
				);
				MARKETING_VERSION = 1.0;
				PRODUCT_BUNDLE_IDENTIFIER = ru.tekmya.GadgetMarketTestApp;
				PRODUCT_NAME = "$(TARGET_NAME)";
				SWIFT_EMIT_LOC_STRINGS = YES;
				SWIFT_VERSION = 5.0;
				TARGETED_DEVICE_FAMILY = "1,2";
			};
			name = Release;
		};
/* End XCBuildConfiguration section */

/* Begin XCConfigurationList section */
		3CCE190428B3A30E009B864A /* Build configuration list for PBXProject "GadgetMarketTestApp" */ = {
			isa = XCConfigurationList;
			buildConfigurations = (
				3CCE191E28B3A311009B864A /* Debug */,
				3CCE191F28B3A311009B864A /* Release */,
			);
			defaultConfigurationIsVisible = 0;
			defaultConfigurationName = Release;
		};
		3CCE192028B3A311009B864A /* Build configuration list for PBXNativeTarget "GadgetMarketTestApp" */ = {
			isa = XCConfigurationList;
			buildConfigurations = (
				3CCE192128B3A311009B864A /* Debug */,
				3CCE192228B3A311009B864A /* Release */,
			);
			defaultConfigurationIsVisible = 0;
			defaultConfigurationName = Release;
		};
/* End XCConfigurationList section */

/* Begin XCVersionGroup section */
		3CCE191528B3A30E009B864A /* GadgetMarketTestApp.xcdatamodeld */ = {
			isa = XCVersionGroup;
			children = (
				3CCE191628B3A30E009B864A /* GadgetMarketTestApp.xcdatamodel */,
			);
			currentVersion = 3CCE191628B3A30E009B864A /* GadgetMarketTestApp.xcdatamodel */;
			path = GadgetMarketTestApp.xcdatamodeld;
			sourceTree = "<group>";
			versionGroupType = wrapper.xcdatamodel;
		};
/* End XCVersionGroup section */
	};
	rootObject = 3CCE190128B3A30E009B864A /* Project object */;
}
